[[package]]
name = "aiofiles"
version = "0.8.0"
description = "File support for asyncio."
category = "main"
optional = false
python-versions = ">=3.6,<4.0"

[metadata]
lock-version = "1.1"
python-versions = "^3.9"
content-hash = "0b3d9181c3fb8ba5ff14cfdff60826cf099c870fdca409151816c4c5808c4768"

[metadata.files]
aiofiles = [
    {file = "aiofiles-0.8.0-py3-none-any.whl", hash = "sha256:7a973fc22b29e9962d0897805ace5856e6a566ab1f0c8e5c91ff6c866519c937"},
    {file = "aiofiles-0.8.0.tar.gz", hash = "sha256:8334f23235248a3b2e83b2c3a78a22674f39969b96397126cc93664d9a901e59"},
]
